
Microsoft Visual Studio Solution File, Format Version 12.00
# Visual Studio Version 16
VisualStudioVersion = 16.0.32602.291
MinimumVisualStudioVersion = 10.0.40219.1
Project("{FAE04EC0-301F-11D3-BF4B-00C04F79EFBC}") = "41-43", "41-43.csproj", "{D92E283C-F827-4A49-9911-7B9C5056BC52}"
EndProject
Global
	GlobalSection(SolutionConfigurationPlatforms) = preSolution
		Debug|Any CPU = Debug|Any CPU
		Release|Any CPU = Release|Any CPU
	EndGlobalSection
	GlobalSection(ProjectConfigurationPlatforms) = postSolution
		{D92E283C-F827-4A49-9911-7B9C5056BC52}.Debug|Any CPU.ActiveCfg = Debug|Any CPU
		{D92E283C-F827-4A49-9911-7B9C5056BC52}.Debug|Any CPU.Build.0 = Debug|Any CPU
		{D92E283C-F827-4A49-9911-7B9C5056BC52}.Release|Any CPU.ActiveCfg = Release|Any CPU
		{D92E283C-F827-4A49-9911-7B9C5056BC52}.Release|Any CPU.Build.0 = Release|Any CPU
	EndGlobalSection
	GlobalSection(SolutionProperties) = preSolution
		HideSolutionNode = FALSE
	EndGlobalSection
	GlobalSection(ExtensibilityGlobals) = postSolution
		SolutionGuid = {9DCE932F-6DD9-4A8A-AD84-E793AED7B58C}
	EndGlobalSection
EndGlobal
